
Microsoft Visual Studio Solution File, Format Version 12.00
# Visual Studio Version 17
VisualStudioVersion = 17.7.34221.43
MinimumVisualStudioVersion = 10.0.40219.1
Project("{FAE04EC0-301F-11D3-BF4B-00C04F79EFBC}") = "WebApplication234", "WebApplication234\WebApplication234.csproj", "{014D1704-92EC-4243-9BDE-7B0E65F8AE9B}"
EndProject
Global
	GlobalSection(SolutionConfigurationPlatforms) = preSolution
		Debug|Any CPU = Debug|Any CPU
		Release|Any CPU = Release|Any CPU
	EndGlobalSection
	GlobalSection(ProjectConfigurationPlatforms) = postSolution
		{014D1704-92EC-4243-9BDE-7B0E65F8AE9B}.Debug|Any CPU.ActiveCfg = Debug|Any CPU
		{014D1704-92EC-4243-9BDE-7B0E65F8AE9B}.Debug|Any CPU.Build.0 = Debug|Any CPU
		{014D1704-92EC-4243-9BDE-7B0E65F8AE9B}.Release|Any CPU.ActiveCfg = Release|Any CPU
		{014D1704-92EC-4243-9BDE-7B0E65F8AE9B}.Release|Any CPU.Build.0 = Release|Any CPU
	EndGlobalSection
	GlobalSection(SolutionProperties) = preSolution
		HideSolutionNode = FALSE
	EndGlobalSection
	GlobalSection(ExtensibilityGlobals) = postSolution
		SolutionGuid = {E3F375A1-A6EB-4F78-B2E8-7E5E3157C2CC}
	EndGlobalSection
EndGlobal
